{
  "requires": true,
  "lockfileVersion": 1,
  "dependencies": {
    "elements.dom": {
      "version": "1.0.4",
      "resolved": "https://registry.npmjs.org/elements.dom/-/elements.dom-1.0.4.tgz",
      "integrity": "sha512-uG/K1H2uviWWDTe9u3MW2fApmKZFc4430Yo2pl+MFFoQzMIGXeNHoTR1a3e2WIp01oKlhzvkwzP3QruQazDLJg=="
    }
  }
}
